
Microsoft Visual Studio Solution File, Format Version 12.00
# Visual Studio Version 17
VisualStudioVersion = 17.14.36414.22 d17.14
MinimumVisualStudioVersion = 10.0.40219.1
Project("{FAE04EC0-301F-11D3-BF4B-00C04F79EFBC}") = "Visor de Imagen", "Visor de Imagen\Visor de Imagen.csproj", "{7E1F7C05-2F1B-463F-BE68-CC5D1987D412}"
EndProject
Global
	GlobalSection(SolutionConfigurationPlatforms) = preSolution
		Debug|Any CPU = Debug|Any CPU
		Release|Any CPU = Release|Any CPU
	EndGlobalSection
	GlobalSection(ProjectConfigurationPlatforms) = postSolution
		{7E1F7C05-2F1B-463F-BE68-CC5D1987D412}.Debug|Any CPU.ActiveCfg = Debug|Any CPU
		{7E1F7C05-2F1B-463F-BE68-CC5D1987D412}.Debug|Any CPU.Build.0 = Debug|Any CPU
		{7E1F7C05-2F1B-463F-BE68-CC5D1987D412}.Release|Any CPU.ActiveCfg = Release|Any CPU
		{7E1F7C05-2F1B-463F-BE68-CC5D1987D412}.Release|Any CPU.Build.0 = Release|Any CPU
	EndGlobalSection
	GlobalSection(SolutionProperties) = preSolution
		HideSolutionNode = FALSE
	EndGlobalSection
	GlobalSection(ExtensibilityGlobals) = postSolution
		SolutionGuid = {BF3DA3C7-C68B-4B98-B999-37DE16F0F7C5}
	EndGlobalSection
EndGlobal
